# This file is automatically @generated by Cargo.
# It is not intended for manual editing.
version = 3

[[package]]
name = "libc"
version = "0.2.146"
source = "registry+https://github.com/rust-lang/crates.io-index"
checksum = "f92be4933c13fd498862a9e02a3055f8a8d9c039ce33db97306fd5a6caa7f29b"

[[package]]
name = "libc-print"
version = "0.1.21"
source = "registry+https://github.com/rust-lang/crates.io-index"
checksum = "06cea5d58bd9ba4717bbf5c6c5bb11bb6e9e76685b7fff34039b80f50ce86c11"
dependencies = [
 "libc",
]

[[package]]
name = "mister"
version = "0.1.0"
dependencies = [
 "libc",
 "libc-print",
]
