{
  "name": "golem-fpga",
  "lockfileVersion": 3,
  "requires": true,
  "packages": {
    "": {
      "name": "golem-fpga",
      "workspaces": [
        "scripts/patreon"
      ]
    },
    "node_modules/@kwsites/file-exists": {
      "version": "1.1.1",
      "resolved": "https://registry.npmjs.org/@kwsites/file-exists/-/file-exists-1.1.1.tgz",
      "integrity": "sha512-m9/5YGR18lIwxSFDwfE3oA7bWuq9kdau6ugN4H2rJeyhFQZcG9AgSHkQtSD15a8WvTgfz9aikZMrKPHvbpqFiw==",
      "dependencies": {
        "debug": "^4.1.1"
      }
    },
    "node_modules/@kwsites/promise-deferred": {
      "version": "1.1.1",
      "resolved": "https://registry.npmjs.org/@kwsites/promise-deferred/-/promise-deferred-1.1.1.tgz",
      "integrity": "sha512-GaHYm+c0O9MjZRu0ongGBRbinu8gVAMd2UZjji6jVmqKtZluZnptXGWhz1E8j8D2HJ3f/yMxKAUC0b+57wncIw=="
    },
    "node_modules/debug": {
      "version": "4.3.4",
      "resolved": "https://registry.npmjs.org/debug/-/debug-4.3.4.tgz",
      "integrity": "sha512-PRWFHuSU3eDtQJPvnNY7Jcket1j0t5OuOsFzPPzsekD52Zl8qUfFIPEiswXqIvHWGVHOgX+7G/vCNNhehwxfkQ==",
      "dependencies": {
        "ms": "2.1.2"
      },
      "engines": {
        "node": ">=6.0"
      },
      "peerDependenciesMeta": {
        "supports-color": {
          "optional": true
        }
      }
    },
    "node_modules/ms": {
      "version": "2.1.2",
      "resolved": "https://registry.npmjs.org/ms/-/ms-2.1.2.tgz",
      "integrity": "sha512-sGkPx+VjMtmA6MX27oA4FBFELFCZZ4S4XqeGOXCv68tT+jb3vk/RyaKWP0PTKyWtmLSM0b+adUTEvbs1PEaH2w=="
    },
    "node_modules/patreon": {
      "resolved": "scripts/patreon",
      "link": true
    },
    "node_modules/simple-git": {
      "version": "3.24.0",
      "resolved": "https://registry.npmjs.org/simple-git/-/simple-git-3.24.0.tgz",
      "integrity": "sha512-QqAKee9Twv+3k8IFOFfPB2hnk6as6Y6ACUpwCtQvRYBAes23Wv3SZlHVobAzqcE8gfsisCvPw3HGW3HYM+VYYw==",
      "dependencies": {
        "@kwsites/file-exists": "^1.1.1",
        "@kwsites/promise-deferred": "^1.1.1",
        "debug": "^4.3.4"
      },
      "funding": {
        "type": "github",
        "url": "https://github.com/steveukx/git-js?sponsor=1"
      }
    },
    "scripts/patreon": {
      "license": "ISC",
      "dependencies": {
        "inquirer": "^9.2.17",
        "simple-git": "^3.24.0",
        "timesago": "^1.0.1"
      }
    },
    "scripts/patreon/node_modules/@ljharb/through": {
      "version": "2.3.13",
      "license": "MIT",
      "dependencies": {
        "call-bind": "^1.0.7"
      },
      "engines": {
        "node": ">= 0.4"
      }
    },
    "scripts/patreon/node_modules/ansi-escapes": {
      "version": "4.3.2",
      "license": "MIT",
      "dependencies": {
        "type-fest": "^0.21.3"
      },
      "engines": {
        "node": ">=8"
      },
      "funding": {
        "url": "https://github.com/sponsors/sindresorhus"
      }
    },
    "scripts/patreon/node_modules/ansi-regex": {
      "version": "5.0.1",
      "license": "MIT",
      "engines": {
        "node": ">=8"
      }
    },
    "scripts/patreon/node_modules/ansi-styles": {
      "version": "4.3.0",
      "license": "MIT",
      "dependencies": {
        "color-convert": "^2.0.1"
      },
      "engines": {
        "node": ">=8"
      },
      "funding": {
        "url": "https://github.com/chalk/ansi-styles?sponsor=1"
      }
    },
    "scripts/patreon/node_modules/base64-js": {
      "version": "1.5.1",
      "funding": [
        {
          "type": "github",
          "url": "https://github.com/sponsors/feross"
        },
        {
          "type": "patreon",
          "url": "https://www.patreon.com/feross"
        },
        {
          "type": "consulting",
          "url": "https://feross.org/support"
        }
      ],
      "license": "MIT"
    },
    "scripts/patreon/node_modules/bl": {
      "version": "4.1.0",
      "license": "MIT",
      "dependencies": {
        "buffer": "^5.5.0",
        "inherits": "^2.0.4",
        "readable-stream": "^3.4.0"
      }
    },
    "scripts/patreon/node_modules/buffer": {
      "version": "5.7.1",
      "funding": [
        {
          "type": "github",
          "url": "https://github.com/sponsors/feross"
        },
        {
          "type": "patreon",
          "url": "https://www.patreon.com/feross"
        },
        {
          "type": "consulting",
          "url": "https://feross.org/support"
        }
      ],
      "license": "MIT",
      "dependencies": {
        "base64-js": "^1.3.1",
        "ieee754": "^1.1.13"
      }
    },
    "scripts/patreon/node_modules/call-bind": {
      "version": "1.0.7",
      "license": "MIT",
      "dependencies": {
        "es-define-property": "^1.0.0",
        "es-errors": "^1.3.0",
        "function-bind": "^1.1.2",
        "get-intrinsic": "^1.2.4",
        "set-function-length": "^1.2.1"
      },
      "engines": {
        "node": ">= 0.4"
      },
      "funding": {
        "url": "https://github.com/sponsors/ljharb"
      }
    },
    "scripts/patreon/node_modules/chalk": {
      "version": "5.3.0",
      "license": "MIT",
      "engines": {
        "node": "^12.17.0 || ^14.13 || >=16.0.0"
      },
      "funding": {
        "url": "https://github.com/chalk/chalk?sponsor=1"
      }
    },
    "scripts/patreon/node_modules/chardet": {
      "version": "0.7.0",
      "license": "MIT"
    },
    "scripts/patreon/node_modules/cli-cursor": {
      "version": "3.1.0",
      "license": "MIT",
      "dependencies": {
        "restore-cursor": "^3.1.0"
      },
      "engines": {
        "node": ">=8"
      }
    },
    "scripts/patreon/node_modules/cli-spinners": {
      "version": "2.9.2",
      "license": "MIT",
      "engines": {
        "node": ">=6"
      },
      "funding": {
        "url": "https://github.com/sponsors/sindresorhus"
      }
    },
    "scripts/patreon/node_modules/cli-width": {
      "version": "4.1.0",
      "license": "ISC",
      "engines": {
        "node": ">= 12"
      }
    },
    "scripts/patreon/node_modules/clone": {
      "version": "1.0.4",
      "license": "MIT",
      "engines": {
        "node": ">=0.8"
      }
    },
    "scripts/patreon/node_modules/color-convert": {
      "version": "2.0.1",
      "license": "MIT",
      "dependencies": {
        "color-name": "~1.1.4"
      },
      "engines": {
        "node": ">=7.0.0"
      }
    },
    "scripts/patreon/node_modules/color-name": {
      "version": "1.1.4",
      "license": "MIT"
    },
    "scripts/patreon/node_modules/defaults": {
      "version": "1.0.4",
      "license": "MIT",
      "dependencies": {
        "clone": "^1.0.2"
      },
      "funding": {
        "url": "https://github.com/sponsors/sindresorhus"
      }
    },
    "scripts/patreon/node_modules/define-data-property": {
      "version": "1.1.4",
      "license": "MIT",
      "dependencies": {
        "es-define-property": "^1.0.0",
        "es-errors": "^1.3.0",
        "gopd": "^1.0.1"
      },
      "engines": {
        "node": ">= 0.4"
      },
      "funding": {
        "url": "https://github.com/sponsors/ljharb"
      }
    },
    "scripts/patreon/node_modules/emoji-regex": {
      "version": "8.0.0",
      "license": "MIT"
    },
    "scripts/patreon/node_modules/es-define-property": {
      "version": "1.0.0",
      "license": "MIT",
      "dependencies": {
        "get-intrinsic": "^1.2.4"
      },
      "engines": {
        "node": ">= 0.4"
      }
    },
    "scripts/patreon/node_modules/es-errors": {
      "version": "1.3.0",
      "license": "MIT",
      "engines": {
        "node": ">= 0.4"
      }
    },
    "scripts/patreon/node_modules/escape-string-regexp": {
      "version": "1.0.5",
      "license": "MIT",
      "engines": {
        "node": ">=0.8.0"
      }
    },
    "scripts/patreon/node_modules/external-editor": {
      "version": "3.1.0",
      "license": "MIT",
      "dependencies": {
        "chardet": "^0.7.0",
        "iconv-lite": "^0.4.24",
        "tmp": "^0.0.33"
      },
      "engines": {
        "node": ">=4"
      }
    },
    "scripts/patreon/node_modules/external-editor/node_modules/iconv-lite": {
      "version": "0.4.24",
      "license": "MIT",
      "dependencies": {
        "safer-buffer": ">= 2.1.2 < 3"
      },
      "engines": {
        "node": ">=0.10.0"
      }
    },
    "scripts/patreon/node_modules/figures": {
      "version": "3.2.0",
      "license": "MIT",
      "dependencies": {
        "escape-string-regexp": "^1.0.5"
      },
      "engines": {
        "node": ">=8"
      },
      "funding": {
        "url": "https://github.com/sponsors/sindresorhus"
      }
    },
    "scripts/patreon/node_modules/function-bind": {
      "version": "1.1.2",
      "license": "MIT",
      "funding": {
        "url": "https://github.com/sponsors/ljharb"
      }
    },
    "scripts/patreon/node_modules/get-intrinsic": {
      "version": "1.2.4",
      "license": "MIT",
      "dependencies": {
        "es-errors": "^1.3.0",
        "function-bind": "^1.1.2",
        "has-proto": "^1.0.1",
        "has-symbols": "^1.0.3",
        "hasown": "^2.0.0"
      },
      "engines": {
        "node": ">= 0.4"
      },
      "funding": {
        "url": "https://github.com/sponsors/ljharb"
      }
    },
    "scripts/patreon/node_modules/gopd": {
      "version": "1.0.1",
      "license": "MIT",
      "dependencies": {
        "get-intrinsic": "^1.1.3"
      },
      "funding": {
        "url": "https://github.com/sponsors/ljharb"
      }
    },
    "scripts/patreon/node_modules/has-flag": {
      "version": "4.0.0",
      "license": "MIT",
      "engines": {
        "node": ">=8"
      }
    },
    "scripts/patreon/node_modules/has-property-descriptors": {
      "version": "1.0.2",
      "license": "MIT",
      "dependencies": {
        "es-define-property": "^1.0.0"
      },
      "funding": {
        "url": "https://github.com/sponsors/ljharb"
      }
    },
    "scripts/patreon/node_modules/has-proto": {
      "version": "1.0.3",
      "license": "MIT",
      "engines": {
        "node": ">= 0.4"
      },
      "funding": {
        "url": "https://github.com/sponsors/ljharb"
      }
    },
    "scripts/patreon/node_modules/has-symbols": {
      "version": "1.0.3",
      "license": "MIT",
      "engines": {
        "node": ">= 0.4"
      },
      "funding": {
        "url": "https://github.com/sponsors/ljharb"
      }
    },
    "scripts/patreon/node_modules/hasown": {
      "version": "2.0.2",
      "license": "MIT",
      "dependencies": {
        "function-bind": "^1.1.2"
      },
      "engines": {
        "node": ">= 0.4"
      }
    },
    "scripts/patreon/node_modules/ieee754": {
      "version": "1.2.1",
      "funding": [
        {
          "type": "github",
          "url": "https://github.com/sponsors/feross"
        },
        {
          "type": "patreon",
          "url": "https://www.patreon.com/feross"
        },
        {
          "type": "consulting",
          "url": "https://feross.org/support"
        }
      ],
      "license": "BSD-3-Clause"
    },
    "scripts/patreon/node_modules/inherits": {
      "version": "2.0.4",
      "license": "ISC"
    },
    "scripts/patreon/node_modules/inquirer": {
      "version": "9.2.17",
      "license": "MIT",
      "dependencies": {
        "@ljharb/through": "^2.3.13",
        "ansi-escapes": "^4.3.2",
        "chalk": "^5.3.0",
        "cli-cursor": "^3.1.0",
        "cli-width": "^4.1.0",
        "external-editor": "^3.1.0",
        "figures": "^3.2.0",
        "lodash": "^4.17.21",
        "mute-stream": "1.0.0",
        "ora": "^5.4.1",
        "run-async": "^3.0.0",
        "rxjs": "^7.8.1",
        "string-width": "^4.2.3",
        "strip-ansi": "^6.0.1",
        "wrap-ansi": "^6.2.0"
      },
      "engines": {
        "node": ">=18"
      }
    },
    "scripts/patreon/node_modules/is-fullwidth-code-point": {
      "version": "3.0.0",
      "license": "MIT",
      "engines": {
        "node": ">=8"
      }
    },
    "scripts/patreon/node_modules/is-interactive": {
      "version": "1.0.0",
      "license": "MIT",
      "engines": {
        "node": ">=8"
      }
    },
    "scripts/patreon/node_modules/is-unicode-supported": {
      "version": "0.1.0",
      "license": "MIT",
      "engines": {
        "node": ">=10"
      },
      "funding": {
        "url": "https://github.com/sponsors/sindresorhus"
      }
    },
    "scripts/patreon/node_modules/lodash": {
      "version": "4.17.21",
      "license": "MIT"
    },
    "scripts/patreon/node_modules/log-symbols": {
      "version": "4.1.0",
      "license": "MIT",
      "dependencies": {
        "chalk": "^4.1.0",
        "is-unicode-supported": "^0.1.0"
      },
      "engines": {
        "node": ">=10"
      },
      "funding": {
        "url": "https://github.com/sponsors/sindresorhus"
      }
    },
    "scripts/patreon/node_modules/log-symbols/node_modules/chalk": {
      "version": "4.1.2",
      "license": "MIT",
      "dependencies": {
        "ansi-styles": "^4.1.0",
        "supports-color": "^7.1.0"
      },
      "engines": {
        "node": ">=10"
      },
      "funding": {
        "url": "https://github.com/chalk/chalk?sponsor=1"
      }
    },
    "scripts/patreon/node_modules/mimic-fn": {
      "version": "2.1.0",
      "license": "MIT",
      "engines": {
        "node": ">=6"
      }
    },
    "scripts/patreon/node_modules/mute-stream": {
      "version": "1.0.0",
      "license": "ISC",
      "engines": {
        "node": "^14.17.0 || ^16.13.0 || >=18.0.0"
      }
    },
    "scripts/patreon/node_modules/onetime": {
      "version": "5.1.2",
      "license": "MIT",
      "dependencies": {
        "mimic-fn": "^2.1.0"
      },
      "engines": {
        "node": ">=6"
      },
      "funding": {
        "url": "https://github.com/sponsors/sindresorhus"
      }
    },
    "scripts/patreon/node_modules/ora": {
      "version": "5.4.1",
      "license": "MIT",
      "dependencies": {
        "bl": "^4.1.0",
        "chalk": "^4.1.0",
        "cli-cursor": "^3.1.0",
        "cli-spinners": "^2.5.0",
        "is-interactive": "^1.0.0",
        "is-unicode-supported": "^0.1.0",
        "log-symbols": "^4.1.0",
        "strip-ansi": "^6.0.0",
        "wcwidth": "^1.0.1"
      },
      "engines": {
        "node": ">=10"
      },
      "funding": {
        "url": "https://github.com/sponsors/sindresorhus"
      }
    },
    "scripts/patreon/node_modules/ora/node_modules/chalk": {
      "version": "4.1.2",
      "license": "MIT",
      "dependencies": {
        "ansi-styles": "^4.1.0",
        "supports-color": "^7.1.0"
      },
      "engines": {
        "node": ">=10"
      },
      "funding": {
        "url": "https://github.com/chalk/chalk?sponsor=1"
      }
    },
    "scripts/patreon/node_modules/os-tmpdir": {
      "version": "1.0.2",
      "license": "MIT",
      "engines": {
        "node": ">=0.10.0"
      }
    },
    "scripts/patreon/node_modules/readable-stream": {
      "version": "3.6.2",
      "license": "MIT",
      "dependencies": {
        "inherits": "^2.0.3",
        "string_decoder": "^1.1.1",
        "util-deprecate": "^1.0.1"
      },
      "engines": {
        "node": ">= 6"
      }
    },
    "scripts/patreon/node_modules/restore-cursor": {
      "version": "3.1.0",
      "license": "MIT",
      "dependencies": {
        "onetime": "^5.1.0",
        "signal-exit": "^3.0.2"
      },
      "engines": {
        "node": ">=8"
      }
    },
    "scripts/patreon/node_modules/run-async": {
      "version": "3.0.0",
      "license": "MIT",
      "engines": {
        "node": ">=0.12.0"
      }
    },
    "scripts/patreon/node_modules/rxjs": {
      "version": "7.8.1",
      "license": "Apache-2.0",
      "dependencies": {
        "tslib": "^2.1.0"
      }
    },
    "scripts/patreon/node_modules/safe-buffer": {
      "version": "5.2.1",
      "funding": [
        {
          "type": "github",
          "url": "https://github.com/sponsors/feross"
        },
        {
          "type": "patreon",
          "url": "https://www.patreon.com/feross"
        },
        {
          "type": "consulting",
          "url": "https://feross.org/support"
        }
      ],
      "license": "MIT"
    },
    "scripts/patreon/node_modules/safer-buffer": {
      "version": "2.1.2",
      "license": "MIT"
    },
    "scripts/patreon/node_modules/set-function-length": {
      "version": "1.2.2",
      "license": "MIT",
      "dependencies": {
        "define-data-property": "^1.1.4",
        "es-errors": "^1.3.0",
        "function-bind": "^1.1.2",
        "get-intrinsic": "^1.2.4",
        "gopd": "^1.0.1",
        "has-property-descriptors": "^1.0.2"
      },
      "engines": {
        "node": ">= 0.4"
      }
    },
    "scripts/patreon/node_modules/signal-exit": {
      "version": "3.0.7",
      "license": "ISC"
    },
    "scripts/patreon/node_modules/string_decoder": {
      "version": "1.3.0",
      "license": "MIT",
      "dependencies": {
        "safe-buffer": "~5.2.0"
      }
    },
    "scripts/patreon/node_modules/string-width": {
      "version": "4.2.3",
      "license": "MIT",
      "dependencies": {
        "emoji-regex": "^8.0.0",
        "is-fullwidth-code-point": "^3.0.0",
        "strip-ansi": "^6.0.1"
      },
      "engines": {
        "node": ">=8"
      }
    },
    "scripts/patreon/node_modules/strip-ansi": {
      "version": "6.0.1",
      "license": "MIT",
      "dependencies": {
        "ansi-regex": "^5.0.1"
      },
      "engines": {
        "node": ">=8"
      }
    },
    "scripts/patreon/node_modules/supports-color": {
      "version": "7.2.0",
      "license": "MIT",
      "dependencies": {
        "has-flag": "^4.0.0"
      },
      "engines": {
        "node": ">=8"
      }
    },
    "scripts/patreon/node_modules/timesago": {
      "version": "1.0.1",
      "license": "MIT",
      "engines": {
        "node": ">=8.0.0"
      }
    },
    "scripts/patreon/node_modules/tmp": {
      "version": "0.0.33",
      "license": "MIT",
      "dependencies": {
        "os-tmpdir": "~1.0.2"
      },
      "engines": {
        "node": ">=0.6.0"
      }
    },
    "scripts/patreon/node_modules/tslib": {
      "version": "2.6.2",
      "license": "0BSD"
    },
    "scripts/patreon/node_modules/type-fest": {
      "version": "0.21.3",
      "license": "(MIT OR CC0-1.0)",
      "engines": {
        "node": ">=10"
      },
      "funding": {
        "url": "https://github.com/sponsors/sindresorhus"
      }
    },
    "scripts/patreon/node_modules/util-deprecate": {
      "version": "1.0.2",
      "license": "MIT"
    },
    "scripts/patreon/node_modules/wcwidth": {
      "version": "1.0.1",
      "license": "MIT",
      "dependencies": {
        "defaults": "^1.0.3"
      }
    },
    "scripts/patreon/node_modules/wrap-ansi": {
      "version": "6.2.0",
      "license": "MIT",
      "dependencies": {
        "ansi-styles": "^4.0.0",
        "string-width": "^4.1.0",
        "strip-ansi": "^6.0.0"
      },
      "engines": {
        "node": ">=8"
      }
    }
  }
}
